// !$*UTF8*$!
{
	archiveVersion = 1;
	classes = {
	};
	objectVersion = 50;
	objects = {

/* Begin PBXBuildFile section */
		D07065E62226745E00DAEDFA /* AppDelegate.swift in Sources */ = {isa = PBXBuildFile; fileRef = D07065E52226745E00DAEDFA /* AppDelegate.swift */; };
		D07065E82226745E00DAEDFA /* ViewController.swift in Sources */ = {isa = PBXBuildFile; fileRef = D07065E72226745E00DAEDFA /* ViewController.swift */; };
		D07065EB2226745E00DAEDFA /* Main.storyboard in Resources */ = {isa = PBXBuildFile; fileRef = D07065E92226745E00DAEDFA /* Main.storyboard */; };
		D07065ED2226745F00DAEDFA /* Assets.xcassets in Resources */ = {isa = PBXBuildFile; fileRef = D07065EC2226745F00DAEDFA /* Assets.xcassets */; };
		D07065F02226745F00DAEDFA /* LaunchScreen.storyboard in Resources */ = {isa = PBXBuildFile; fileRef = D07065EE2226745F00DAEDFA /* LaunchScreen.storyboard */; };
		D07065F82226762800DAEDFA /* samplePhoto.jpeg in Resources */ = {isa = PBXBuildFile; fileRef = D07065F72226762800DAEDFA /* samplePhoto.jpeg */; };
/* End PBXBuildFile section */

/* Begin PBXFileReference section */
		D07065E22226745E00DAEDFA /* SimplePhotoBrowser.app */ = {isa = PBXFileReference; explicitFileType = wrapper.application; includeInIndex = 0; path = SimplePhotoBrowser.app; sourceTree = BUILT_PRODUCTS_DIR; };
		D07065E52226745E00DAEDFA /* AppDelegate.swift */ = {isa = PBXFileReference; lastKnownFileType = sourcecode.swift; path = AppDelegate.swift; sourceTree = "<group>"; };
		D07065E72226745E00DAEDFA /* ViewController.swift */ = {isa = PBXFileReference; lastKnownFileType = sourcecode.swift; path = ViewController.swift; sourceTree = "<group>"; };
		D07065EA2226745E00DAEDFA /* Base */ = {isa = PBXFileReference; lastKnownFileType = file.storyboard; name = Base; path = Base.lproj/Main.storyboard; sourceTree = "<group>"; };
		D07065EC2226745F00DAEDFA /* Assets.xcassets */ = {isa = PBXFileReference; lastKnownFileType = folder.assetcatalog; path = Assets.xcassets; sourceTree = "<group>"; };
		D07065EF2226745F00DAEDFA /* Base */ = {isa = PBXFileReference; lastKnownFileType = file.storyboard; name = Base; path = Base.lproj/LaunchScreen.storyboard; sourceTree = "<group>"; };
		D07065F12226745F00DAEDFA /* Info.plist */ = {isa = PBXFileReference; lastKnownFileType = text.plist.xml; path = Info.plist; sourceTree = "<group>"; };
		D07065F72226762800DAEDFA /* samplePhoto.jpeg */ = {isa = PBXFileReference; lastKnownFileType = image.jpeg; path = samplePhoto.jpeg; sourceTree = "<group>"; };
/* End PBXFileReference section */

/* Begin PBXFrameworksBuildPhase section */
		D07065DF2226745E00DAEDFA /* Frameworks */ = {
			isa = PBXFrameworksBuildPhase;
			buildActionMask = 2147483647;
			files = (
			);
			runOnlyForDeploymentPostprocessing = 0;
		};
/* End PBXFrameworksBuildPhase section */

/* Begin PBXGroup section */
		D07065D92226745E00DAEDFA = {
			isa = PBXGroup;
			children = (
				D07065E42226745E00DAEDFA /* SimplePhotoBrowser */,
				D07065E32226745E00DAEDFA /* Products */,
			);
			sourceTree = "<group>";
		};
		D07065E32226745E00DAEDFA /* Products */ = {
			isa = PBXGroup;
			children = (
				D07065E22226745E00DAEDFA /* SimplePhotoBrowser.app */,
			);
			name = Products;
			sourceTree = "<group>";
		};
		D07065E42226745E00DAEDFA /* SimplePhotoBrowser */ = {
			isa = PBXGroup;
			children = (
				D07065F72226762800DAEDFA /* samplePhoto.jpeg */,
				D07065E52226745E00DAEDFA /* AppDelegate.swift */,
				D07065E72226745E00DAEDFA /* ViewController.swift */,
				D07065E92226745E00DAEDFA /* Main.storyboard */,
				D07065EC2226745F00DAEDFA /* Assets.xcassets */,
				D07065EE2226745F00DAEDFA /* LaunchScreen.storyboard */,
				D07065F12226745F00DAEDFA /* Info.plist */,
			);
			path = SimplePhotoBrowser;
			sourceTree = "<group>";
		};
/* End PBXGroup section */

/* Begin PBXNativeTarget section */
		D07065E12226745E00DAEDFA /* SimplePhotoBrowser */ = {
			isa = PBXNativeTarget;
			buildConfigurationList = D07065F42226745F00DAEDFA /* Build configuration list for PBXNativeTarget "SimplePhotoBrowser" */;
			buildPhases = (
				D07065DE2226745E00DAEDFA /* Sources */,
				D07065DF2226745E00DAEDFA /* Frameworks */,
				D07065E02226745E00DAEDFA /* Resources */,
			);
			buildRules = (
			);
			dependencies = (
			);
			name = SimplePhotoBrowser;
			productName = SimplePhotoBrowser;
			productReference = D07065E22226745E00DAEDFA /* SimplePhotoBrowser.app */;
			productType = "com.apple.product-type.application";
		};
/* End PBXNativeTarget section */

/* Begin PBXProject section */
		D07065DA2226745E00DAEDFA /* Project object */ = {
			isa = PBXProject;
			attributes = {
				LastSwiftUpdateCheck = 1010;
				LastUpgradeCheck = 1010;
				ORGANIZATIONNAME = tbago;
				TargetAttributes = {
					D07065E12226745E00DAEDFA = {
						CreatedOnToolsVersion = 10.1;
					};
				};
			};
			buildConfigurationList = D07065DD2226745E00DAEDFA /* Build configuration list for PBXProject "SimplePhotoBrowser" */;
			compatibilityVersion = "Xcode 9.3";
			developmentRegion = en;
			hasScannedForEncodings = 0;
			knownRegions = (
				en,
				Base,
			);
			mainGroup = D07065D92226745E00DAEDFA;
			productRefGroup = D07065E32226745E00DAEDFA /* Products */;
			projectDirPath = "";
			projectRoot = "";
			targets = (
				D07065E12226745E00DAEDFA /* SimplePhotoBrowser */,
			);
		};
/* End PBXProject section */

/* Begin PBXResourcesBuildPhase section */
		D07065E02226745E00DAEDFA /* Resources */ = {
			isa = PBXResourcesBuildPhase;
			buildActionMask = 2147483647;
			files = (
				D07065F82226762800DAEDFA /* samplePhoto.jpeg in Resources */,
				D07065F02226745F00DAEDFA /* LaunchScreen.storyboard in Resources */,
				D07065ED2226745F00DAEDFA /* Assets.xcassets in Resources */,
				D07065EB2226745E00DAEDFA /* Main.storyboard in Resources */,
			);
			runOnlyForDeploymentPostprocessing = 0;
		};
/* End PBXResourcesBuildPhase section */

/* Begin PBXSourcesBuildPhase section */
		D07065DE2226745E00DAEDFA /* Sources */ = {
			isa = PBXSourcesBuildPhase;
			buildActionMask = 2147483647;
			files = (
				D07065E82226745E00DAEDFA /* ViewController.swift in Sources */,
				D07065E62226745E00DAEDFA /* AppDelegate.swift in Sources */,
			);
			runOnlyForDeploymentPostprocessing = 0;
		};
/* End PBXSourcesBuildPhase section */

/* Begin PBXVariantGroup section */
		D07065E92226745E00DAEDFA /* Main.storyboard */ = {
			isa = PBXVariantGroup;
			children = (
				D07065EA2226745E00DAEDFA /* Base */,
			);
			name = Main.storyboard;
			sourceTree = "<group>";
		};
		D07065EE2226745F00DAEDFA /* LaunchScreen.storyboard */ = {
			isa = PBXVariantGroup;
			children = (
				D07065EF2226745F00DAEDFA /* Base */,
			);
			name = LaunchScreen.storyboard;
			sourceTree = "<group>";
		};
/* End PBXVariantGroup section */

/* Begin XCBuildConfiguration section */
		D07065F22226745F00DAEDFA /* Debug */ = {
			isa = XCBuildConfiguration;
			buildSettings = {
				ALWAYS_SEARCH_USER_PATHS = NO;
				CLANG_ANALYZER_NONNULL = YES;
				CLANG_ANALYZER_NUMBER_OBJECT_CONVERSION = YES_AGGRESSIVE;
				CLANG_CXX_LANGUAGE_STANDARD = "gnu++14";
				CLANG_CXX_LIBRARY = "libc++";
				CLANG_ENABLE_MODULES = YES;
				CLANG_ENABLE_OBJC_ARC = YES;
				CLANG_ENABLE_OBJC_WEAK = YES;
				CLANG_WARN_BLOCK_CAPTURE_AUTORELEASING = YES;
				CLANG_WARN_BOOL_CONVERSION = YES;
				CLANG_WARN_COMMA = YES;
				CLANG_WARN_CONSTANT_CONVERSION = YES;
				CLANG_WARN_DEPRECATED_OBJC_IMPLEMENTATIONS = YES;
				CLANG_WARN_DIRECT_OBJC_ISA_USAGE = YES_ERROR;
				CLANG_WARN_DOCUMENTATION_COMMENTS = YES;
				CLANG_WARN_EMPTY_BODY = YES;
				CLANG_WARN_ENUM_CONVERSION = YES;
				CLANG_WARN_INFINITE_RECURSION = YES;
				CLANG_WARN_INT_CONVERSION = YES;
				CLANG_WARN_NON_LITERAL_NULL_CONVERSION = YES;
				CLANG_WARN_OBJC_IMPLICIT_RETAIN_SELF = YES;
				CLANG_WARN_OBJC_LITERAL_CONVERSION = YES;
				CLANG_WARN_OBJC_ROOT_CLASS = YES_ERROR;
				CLANG_WARN_RANGE_LOOP_ANALYSIS = YES;
				CLANG_WARN_STRICT_PROTOTYPES = YES;
				CLANG_WARN_SUSPICIOUS_MOVE = YES;
				CLANG_WARN_UNGUARDED_AVAILABILITY = YES_AGGRESSIVE;
				CLANG_WARN_UNREACHABLE_CODE = YES;
				CLANG_WARN__DUPLICATE_METHOD_MATCH = YES;
				CODE_SIGN_IDENTITY = "iPhone Developer";
				COPY_PHASE_STRIP = NO;
				DEBUG_INFORMATION_FORMAT = dwarf;
				ENABLE_STRICT_OBJC_MSGSEND = YES;
				ENABLE_TESTABILITY = YES;
				GCC_C_LANGUAGE_STANDARD = gnu11;
				GCC_DYNAMIC_NO_PIC = NO;
				GCC_NO_COMMON_BLOCKS = YES;
				GCC_OPTIMIZATION_LEVEL = 0;
				GCC_PREPROCESSOR_DEFINITIONS = (
					"DEBUG=1",
					"$(inherited)",
				);
				GCC_WARN_64_TO_32_BIT_CONVERSION = YES;
				GCC_WARN_ABOUT_RETURN_TYPE = YES_ERROR;
				GCC_WARN_UNDECLARED_SELECTOR = YES;
				GCC_WARN_UNINITIALIZED_AUTOS = YES_AGGRESSIVE;
				GCC_WARN_UNUSED_FUNCTION = YES;
				GCC_WARN_UNUSED_VARIABLE = YES;
				IPHONEOS_DEPLOYMENT_TARGET = 12.1;
				MTL_ENABLE_DEBUG_INFO = INCLUDE_SOURCE;
				MTL_FAST_MATH = YES;
				ONLY_ACTIVE_ARCH = YES;
				SDKROOT = iphoneos;
				SWIFT_ACTIVE_COMPILATION_CONDITIONS = DEBUG;
				SWIFT_OPTIMIZATION_LEVEL = "-Onone";
			};
			name = Debug;
		};
		D07065F32226745F00DAEDFA /* Release */ = {
			isa = XCBuildConfiguration;
			buildSettings = {
				ALWAYS_SEARCH_USER_PATHS = NO;
				CLANG_ANALYZER_NONNULL = YES;
				CLANG_ANALYZER_NUMBER_OBJECT_CONVERSION = YES_AGGRESSIVE;
				CLANG_CXX_LANGUAGE_STANDARD = "gnu++14";
				CLANG_CXX_LIBRARY = "libc++";
				CLANG_ENABLE_MODULES = YES;
				CLANG_ENABLE_OBJC_ARC = YES;
				CLANG_ENABLE_OBJC_WEAK = YES;
				CLANG_WARN_BLOCK_CAPTURE_AUTORELEASING = YES;
				CLANG_WARN_BOOL_CONVERSION = YES;
				CLANG_WARN_COMMA = YES;
				CLANG_WARN_CONSTANT_CONVERSION = YES;
				CLANG_WARN_DEPRECATED_OBJC_IMPLEMENTATIONS = YES;
				CLANG_WARN_DIRECT_OBJC_ISA_USAGE = YES_ERROR;
				CLANG_WARN_DOCUMENTATION_COMMENTS = YES;
				CLANG_WARN_EMPTY_BODY = YES;
				CLANG_WARN_ENUM_CONVERSION = YES;
				CLANG_WARN_INFINITE_RECURSION = YES;
				CLANG_WARN_INT_CONVERSION = YES;
				CLANG_WARN_NON_LITERAL_NULL_CONVERSION = YES;
				CLANG_WARN_OBJC_IMPLICIT_RETAIN_SELF = YES;
				CLANG_WARN_OBJC_LITERAL_CONVERSION = YES;
				CLANG_WARN_OBJC_ROOT_CLASS = YES_ERROR;
				CLANG_WARN_RANGE_LOOP_ANALYSIS = YES;
				CLANG_WARN_STRICT_PROTOTYPES = YES;
				CLANG_WARN_SUSPICIOUS_MOVE = YES;
				CLANG_WARN_UNGUARDED_AVAILABILITY = YES_AGGRESSIVE;
				CLANG_WARN_UNREACHABLE_CODE = YES;
				CLANG_WARN__DUPLICATE_METHOD_MATCH = YES;
				CODE_SIGN_IDENTITY = "iPhone Developer";
				COPY_PHASE_STRIP = NO;
				DEBUG_INFORMATION_FORMAT = "dwarf-with-dsym";
				ENABLE_NS_ASSERTIONS = NO;
				ENABLE_STRICT_OBJC_MSGSEND = YES;
				GCC_C_LANGUAGE_STANDARD = gnu11;
				GCC_NO_COMMON_BLOCKS = YES;
				GCC_WARN_64_TO_32_BIT_CONVERSION = YES;
				GCC_WARN_ABOUT_RETURN_TYPE = YES_ERROR;
				GCC_WARN_UNDECLARED_SELECTOR = YES;
				GCC_WARN_UNINITIALIZED_AUTOS = YES_AGGRESSIVE;
				GCC_WARN_UNUSED_FUNCTION = YES;
				GCC_WARN_UNUSED_VARIABLE = YES;
				IPHONEOS_DEPLOYMENT_TARGET = 12.1;
				MTL_ENABLE_DEBUG_INFO = NO;
				MTL_FAST_MATH = YES;
				SDKROOT = iphoneos;
				SWIFT_COMPILATION_MODE = wholemodule;
				SWIFT_OPTIMIZATION_LEVEL = "-O";
				VALIDATE_PRODUCT = YES;
			};
			name = Release;
		};
		D07065F52226745F00DAEDFA /* Debug */ = {
			isa = XCBuildConfiguration;
			buildSettings = {
				ASSETCATALOG_COMPILER_APPICON_NAME = AppIcon;
				CODE_SIGN_STYLE = Automatic;
				INFOPLIST_FILE = SimplePhotoBrowser/Info.plist;
				LD_RUNPATH_SEARCH_PATHS = (
					"$(inherited)",
					"@executable_path/Frameworks",
				);
				PRODUCT_BUNDLE_IDENTIFIER = com.tbago.SimplePhotoBrowser;
				PRODUCT_NAME = "$(TARGET_NAME)";
				SWIFT_VERSION = 4.2;
				TARGETED_DEVICE_FAMILY = "1,2";
			};
			name = Debug;
		};
		D07065F62226745F00DAEDFA /* Release */ = {
			isa = XCBuildConfiguration;
			buildSettings = {
				ASSETCATALOG_COMPILER_APPICON_NAME = AppIcon;
				CODE_SIGN_STYLE = Automatic;
				INFOPLIST_FILE = SimplePhotoBrowser/Info.plist;
				LD_RUNPATH_SEARCH_PATHS = (
					"$(inherited)",
					"@executable_path/Frameworks",
				);
				PRODUCT_BUNDLE_IDENTIFIER = com.tbago.SimplePhotoBrowser;
				PRODUCT_NAME = "$(TARGET_NAME)";
				SWIFT_VERSION = 4.2;
				TARGETED_DEVICE_FAMILY = "1,2";
			};
			name = Release;
		};
/* End XCBuildConfiguration section */

/* Begin XCConfigurationList section */
		D07065DD2226745E00DAEDFA /* Build configuration list for PBXProject "SimplePhotoBrowser" */ = {
			isa = XCConfigurationList;
			buildConfigurations = (
				D07065F22226745F00DAEDFA /* Debug */,
				D07065F32226745F00DAEDFA /* Release */,
			);
			defaultConfigurationIsVisible = 0;
			defaultConfigurationName = Release;
		};
		D07065F42226745F00DAEDFA /* Build configuration list for PBXNativeTarget "SimplePhotoBrowser" */ = {
			isa = XCConfigurationList;
			buildConfigurations = (
				D07065F52226745F00DAEDFA /* Debug */,
				D07065F62226745F00DAEDFA /* Release */,
			);
			defaultConfigurationIsVisible = 0;
			defaultConfigurationName = Release;
		};
/* End XCConfigurationList section */
	};
	rootObject = D07065DA2226745E00DAEDFA /* Project object */;
}
